{
  "lockfile_version": "1",
  "packages": {
    "dnsutils@latest": {
      "last_modified": "2026-07-23T05:10:05Z",
      "resolved": "github:NixOS/nixpkgs/7525d999cd850b9a488817abc89c75dc733acf17#dnsutils",
      "source": "devbox-search",
      "version": "9.20.24",
      "systems": {
        "aarch64-darwin": {
          "outputs": [
            {
              "name": "dnsutils",
              "path": "/nix/store/r2p0i299inlhb6ya0z0q7brkk38qwx5a-bind-9.20.24-dnsutils",
              "default": true
            },
            {
              "name": "out",
              "path": "/nix/store/dw8lz9i77yg1y8m9lzkkj5yr6ymzvwhh-bind-9.20.24",
              "default": true
            },
            {
              "name": "host",
              "path": "/nix/store/zg9n2yh2dg0mkchh5pfh0cbj6vav73rj-bind-9.20.24-host",
              "default": true
            },
            {
              "name": "dev",
              "path": "/nix/store/m0s27wjy6qjl315rhaz0kgbgxcg2bwvi-bind-9.20.24-dev"
            },
            {
              "name": "lib",
              "path": "/nix/store/hyaazalsz1w776jaj1jgx0pybw28g6wf-bind-9.20.24-lib"
            },
            {
              "name": "man",
              "path": "/nix/store/2ca70yccnm1b987cs2r8y5symmw7k0b3-bind-9.20.24-man"
            }
          ],
          "store_path": "/nix/store/r2p0i299inlhb6ya0z0q7brkk38qwx5a-bind-9.20.24-dnsutils"
        },
        "aarch64-linux": {
          "outputs": [
            {
              "name": "dnsutils",
              "path": "/nix/store/gwfiv4zv5rwq0sqyh0sbc384alkgfkdh-bind-9.20.24-dnsutils",
              "default": true
            },
            {
              "name": "out",
              "path": "/nix/store/aixmk14c39rvn0pn0jim0c6pnhnq001y-bind-9.20.24",
              "default": true
            },
            {
              "name": "host",
              "path": "/nix/store/crsgh7jish6lmhb0cv84al9b4n3bcs0h-bind-9.20.24-host",
              "default": true
            },
            {
              "name": "man",
              "path": "/nix/store/ykya1n746vbsr4yv14m79c2y9vxl7mq3-bind-9.20.24-man"
            },
            {
              "name": "dev",
              "path": "/nix/store/c09hcpyxdm2i5vbka0wcdlkzrxmlrw09-bind-9.20.24-dev"
            },
            {
              "name": "lib",
              "path": "/nix/store/cgqh67zysm1rbwnlhnfkkl3xb5d56six-bind-9.20.24-lib"
            }
          ],
          "store_path": "/nix/store/gwfiv4zv5rwq0sqyh0sbc384alkgfkdh-bind-9.20.24-dnsutils"
        },
        "x86_64-darwin": {
          "outputs": [
            {
              "name": "dnsutils",
              "path": "/nix/store/3nagwrqpd7lyh8557h82w50n7p96jijk-bind-9.20.24-dnsutils",
              "default": true
            },
            {
              "name": "out",
              "path": "/nix/store/5a31szajdccm8bmbh1zskax83nsy8pic-bind-9.20.24",
              "default": true
            },
            {
              "name": "host",
              "path": "/nix/store/l6haiihrjm5w75n7f9ddf3d5jhy5abjw-bind-9.20.24-host",
              "default": true
            },
            {
              "name": "dev",
              "path": "/nix/store/qp2w1qgz25xc6vm07zdvdlf5vbqm8p8z-bind-9.20.24-dev"
            },
            {
              "name": "lib",
              "path": "/nix/store/nlbbhapqiflfrs845f441dqz3pg48ih0-bind-9.20.24-lib"
            },
            {
              "name": "man",
              "path": "/nix/store/mwcnr1qjjkv8y3q8chyfc97hr520azxk-bind-9.20.24-man"
            }
          ],
          "store_path": "/nix/store/3nagwrqpd7lyh8557h82w50n7p96jijk-bind-9.20.24-dnsutils"
        },
        "x86_64-linux": {
          "outputs": [
            {
              "name": "dnsutils",
              "path": "/nix/store/1vws7sb2drbfv5h2nji8s2hvxms09nm0-bind-9.20.24-dnsutils",
              "default": true
            },
            {
              "name": "out",
              "path": "/nix/store/9hfjvgbbg8m94s0fvza603zfidcsbwhv-bind-9.20.24",
              "default": true
            },
            {
              "name": "host",
              "path": "/nix/store/1mgdli8mqrwrjssqhwqldx7j3s8g6f7w-bind-9.20.24-host",
              "default": true
            },
            {
              "name": "lib",
              "path": "/nix/store/q9qsvlv46ihw3jbcwhii6vb9lxazj6z0-bind-9.20.24-lib"
            },
            {
              "name": "man",
              "path": "/nix/store/pmw1iwy4z9lxnvxhkbg2741qv3xymqwi-bind-9.20.24-man"
            },
            {
              "name": "dev",
              "path": "/nix/store/qraa3lzs0c6wwvhxbrjdk2ifbh26br90-bind-9.20.24-dev"
            }
          ],
          "store_path": "/nix/store/1vws7sb2drbfv5h2nji8s2hvxms09nm0-bind-9.20.24-dnsutils"
        }
      }
    },
    "docker-compose@latest": {
      "last_modified": "2026-07-23T05:10:05Z",
      "resolved": "github:NixOS/nixpkgs/7525d999cd850b9a488817abc89c75dc733acf17#docker-compose",
      "source": "devbox-search",
      "version": "5.3.1",
      "systems": {
        "aarch64-darwin": {
          "outputs": [
            {
              "name": "out",
              "path": "/nix/store/by5di71h0f1llsi5ikb69qwpm8xvg5yn-docker-compose-5.3.1",
              "default": true
            }
          ],
          "store_path": "/nix/store/by5di71h0f1llsi5ikb69qwpm8xvg5yn-docker-compose-5.3.1"
        },
        "aarch64-linux": {
          "outputs": [
            {
              "name": "out",
              "path": "/nix/store/wr90aw8p2kcyf22pakjgh1vanpgpmpvq-docker-compose-5.3.1",
              "default": true
            }
          ],
          "store_path": "/nix/store/wr90aw8p2kcyf22pakjgh1vanpgpmpvq-docker-compose-5.3.1"
        },
        "x86_64-linux": {
          "outputs": [
            {
              "name": "out",
              "path": "/nix/store/ygva85030l4kjzi6hkcvnvs2frx6ni42-docker-compose-5.3.1",
              "default": true
            }
          ],
          "store_path": "/nix/store/ygva85030l4kjzi6hkcvnvs2frx6ni42-docker-compose-5.3.1"
        }
      }
    },
    "docker@latest": {
      "last_modified": "2026-07-23T13:11:22Z",
      "resolved": "github:NixOS/nixpkgs/6d12004108e0e4a5cfa4bd83b14477f040b15773#docker",
      "source": "devbox-search",
      "version": "29.6.2",
      "systems": {
        "aarch64-darwin": {
          "outputs": [
            {
              "name": "out",
              "path": "/nix/store/xyxq8s9w1p4jj6xxxqad7hgq4a77jlyr-docker-29.6.2",
              "default": true
            }
          ],
          "store_path": "/nix/store/xyxq8s9w1p4jj6xxxqad7hgq4a77jlyr-docker-29.6.2"
        },
        "aarch64-linux": {
          "outputs": [
            {
              "name": "out",
              "path": "/nix/store/b513i38jiry74ccdsl7n2nyxl2fk06hv-docker-29.6.2",
              "default": true
            }
          ],
          "store_path": "/nix/store/b513i38jiry74ccdsl7n2nyxl2fk06hv-docker-29.6.2"
        },
        "x86_64-linux": {
          "outputs": [
            {
              "name": "out",
              "path": "/nix/store/aibbc1ldkg566hycld6zvr1ifnsyhmk1-docker-29.6.2",
              "default": true
            }
          ],
          "store_path": "/nix/store/aibbc1ldkg566hycld6zvr1ifnsyhmk1-docker-29.6.2"
        }
      }
    },
    "fluxcd@latest": {
      "last_modified": "2026-07-23T05:10:05Z",
      "resolved": "github:NixOS/nixpkgs/7525d999cd850b9a488817abc89c75dc733acf17#fluxcd",
      "source": "devbox-search",
      "version": "2.9.2",
      "systems": {
        "aarch64-darwin": {
          "outputs": [
            {
              "name": "out",
              "path": "/nix/store/qqas2is58na0ypv98y1r43r359qz6kj1-fluxcd-2.9.2",
              "default": true
            }
          ],
          "store_path": "/nix/store/qqas2is58na0ypv98y1r43r359qz6kj1-fluxcd-2.9.2"
        },
        "aarch64-linux": {
          "outputs": [
            {
              "name": "out",
              "path": "/nix/store/7hdhyd4y80r1mipxfwr3p4l8n92wdmx5-fluxcd-2.9.2",
              "default": true
            }
          ],
          "store_path": "/nix/store/7hdhyd4y80r1mipxfwr3p4l8n92wdmx5-fluxcd-2.9.2"
        },
        "x86_64-linux": {
          "outputs": [
            {
              "name": "out",
              "path": "/nix/store/fal5zf1j4rhnnc96wbrqxc1xb4iz77ad-fluxcd-2.9.2",
              "default": true
            }
          ],
          "store_path": "/nix/store/fal5zf1j4rhnnc96wbrqxc1xb4iz77ad-fluxcd-2.9.2"
        }
      }
    },
    "git@latest": {
      "last_modified": "2026-07-23T05:10:05Z",
      "resolved": "github:NixOS/nixpkgs/7525d999cd850b9a488817abc89c75dc733acf17#git",
      "source": "devbox-search",
      "version": "2.55.0",
      "systems": {
        "aarch64-darwin": {
          "outputs": [
            {
              "name": "out",
              "path": "/nix/store/mm146m54sdyyqlgn1vs1y2ha8qkqbq4d-git-2.55.0",
              "default": true
            },
            {
              "name": "doc",
              "path": "/nix/store/6zngfmnwj4f1i6y81sbp2ni3nfzbhapr-git-2.55.0-doc"
            }
          ],
          "store_path": "/nix/store/mm146m54sdyyqlgn1vs1y2ha8qkqbq4d-git-2.55.0"
        },
        "aarch64-linux": {
          "outputs": [
            {
              "name": "out",
              "path": "/nix/store/m5pr759k6l5w4pry4d96nk47hj8pq1fp-git-2.55.0",
              "default": true
            },
            {
              "name": "debug",
              "path": "/nix/store/3vz6cdc94ch6vyfvs2hsr3di4a112dcl-git-2.55.0-debug"
            },
            {
              "name": "doc",
              "path": "/nix/store/7i5h1q53czyr7pi9zv5ljdyi3x88w362-git-2.55.0-doc"
            }
          ],
          "store_path": "/nix/store/m5pr759k6l5w4pry4d96nk47hj8pq1fp-git-2.55.0"
        },
        "x86_64-linux": {
          "outputs": [
            {
              "name": "out",
              "path": "/nix/store/rq1vg974qcxzb9dazz9dbq2qm72r9fa4-git-2.55.0",
              "default": true
            },
            {
              "name": "debug",
              "path": "/nix/store/q36dlq816877n8is15shkyhcwp1d4va1-git-2.55.0-debug"
            },
            {
              "name": "doc",
              "path": "/nix/store/kbddl0iwydskifb753jn5zhzayazzfwm-git-2.55.0-doc"
            }
          ],
          "store_path": "/nix/store/rq1vg974qcxzb9dazz9dbq2qm72r9fa4-git-2.55.0"
        }
      }
    },
    "github:NixOS/nixpkgs/nixpkgs-unstable": {
      "last_modified": "2026-07-27T08:35:34Z",
      "resolved": "github:NixOS/nixpkgs/38a4887411571457d700c51c64a6e49ead2ed5ab?lastModified=1785141334&narHash=sha256-kh35kIx7el4Jk8Ki3BH9%2FPn1eZYSYLJ6LMALos0zOy0%3D"
    },
    "graphviz@latest": {
      "last_modified": "2026-07-23T05:10:05Z",
      "resolved": "github:NixOS/nixpkgs/7525d999cd850b9a488817abc89c75dc733acf17#graphviz",
      "source": "devbox-search",
      "version": "14.1.2",
      "systems": {
        "aarch64-darwin": {
          "outputs": [
            {
              "name": "out",
              "path": "/nix/store/qqh7z20vj72gsqj2k1bid9h8wanzlqaf-graphviz-14.1.2",
              "default": true
            }
          ],
          "store_path": "/nix/store/qqh7z20vj72gsqj2k1bid9h8wanzlqaf-graphviz-14.1.2"
        },
        "aarch64-linux": {
          "outputs": [
            {
              "name": "out",
              "path": "/nix/store/w63s03h4zlx5ygb0wvsb27gdhh1pr39f-graphviz-14.1.2",
              "default": true
            }
          ],
          "store_path": "/nix/store/w63s03h4zlx5ygb0wvsb27gdhh1pr39f-graphviz-14.1.2"
        },
        "x86_64-linux": {
          "outputs": [
            {
              "name": "out",
              "path": "/nix/store/1bxr5pjdy193dd8m5szn3580p4w0mx8c-graphviz-14.1.2",
              "default": true
            }
          ],
          "store_path": "/nix/store/1bxr5pjdy193dd8m5szn3580p4w0mx8c-graphviz-14.1.2"
        }
      }
    },
    "jp@latest": {
      "last_modified": "2026-07-23T05:10:05Z",
      "resolved": "github:NixOS/nixpkgs/7525d999cd850b9a488817abc89c75dc733acf17#jp",
      "source": "devbox-search",
      "version": "0.2.1",
      "systems": {
        "aarch64-darwin": {
          "outputs": [
            {
              "name": "out",
              "path": "/nix/store/prfhlgpsl4xih67lwhhqk0lpnfsq6xsf-jp-0.2.1",
              "default": true
            }
          ],
          "store_path": "/nix/store/prfhlgpsl4xih67lwhhqk0lpnfsq6xsf-jp-0.2.1"
        },
        "aarch64-linux": {
          "outputs": [
            {
              "name": "out",
              "path": "/nix/store/fhb0zb1xn1kfqbbs6v6l12d6kzaf908z-jp-0.2.1",
              "default": true
            }
          ],
          "store_path": "/nix/store/fhb0zb1xn1kfqbbs6v6l12d6kzaf908z-jp-0.2.1"
        },
        "x86_64-darwin": {
          "outputs": [
            {
              "name": "out",
              "path": "/nix/store/hdlhgq0awwniyhh2rvm3xmfdlaizn098-jp-0.2.1",
              "default": true
            }
          ],
          "store_path": "/nix/store/hdlhgq0awwniyhh2rvm3xmfdlaizn098-jp-0.2.1"
        },
        "x86_64-linux": {
          "outputs": [
            {
              "name": "out",
              "path": "/nix/store/ay79x8wryknfrrpn1qwas7d788wgc739-jp-0.2.1",
              "default": true
            }
          ],
          "store_path": "/nix/store/ay79x8wryknfrrpn1qwas7d788wgc739-jp-0.2.1"
        }
      }
    },
    "jq@latest": {
      "last_modified": "2026-07-23T13:11:22Z",
      "resolved": "github:NixOS/nixpkgs/6d12004108e0e4a5cfa4bd83b14477f040b15773#jq",
      "source": "devbox-search",
      "version": "1.8.2",
      "systems": {
        "aarch64-darwin": {
          "outputs": [
            {
              "name": "bin",
              "path": "/nix/store/1fi2mymhcrnjf4cz0z69plamcdqfnary-jq-1.8.2-bin",
              "default": true
            },
            {
              "name": "man",
              "path": "/nix/store/yl5bdw2pcn90ldqq7r3siwv9wbbkwd8v-jq-1.8.2-man",
              "default": true
            },
            {
              "name": "dev",
              "path": "/nix/store/i8qqb6bphlk58b71077fmadwbq15f1fx-jq-1.8.2-dev"
            },
            {
              "name": "doc",
              "path": "/nix/store/g2j9dyv54j9cdil6ixmwhcmk9p1hs4p4-jq-1.8.2-doc"
            },
            {
              "name": "out",
              "path": "/nix/store/swk3im3b74m5mq3fz70liv0a41gq5bg9-jq-1.8.2"
            }
          ],
          "store_path": "/nix/store/1fi2mymhcrnjf4cz0z69plamcdqfnary-jq-1.8.2-bin"
        },
        "aarch64-linux": {
          "outputs": [
            {
              "name": "bin",
              "path": "/nix/store/l18as28b4wwqds62yqci9l8xhhdhf78l-jq-1.8.2-bin",
              "default": true
            },
            {
              "name": "man",
              "path": "/nix/store/d4213dzz6zg89ga8dbnia2hjbzdcrdfh-jq-1.8.2-man",
              "default": true
            },
            {
              "name": "dev",
              "path": "/nix/store/n82y4hrj0kzw66q0c630r72a2vkf21p8-jq-1.8.2-dev"
            },
            {
              "name": "doc",
              "path": "/nix/store/5dq5m09dlqhm2nxaxqqmffdhzy7sp809-jq-1.8.2-doc"
            },
            {
              "name": "out",
              "path": "/nix/store/97hmn17vbpx0l0wbi4jc6hwr3pyy2zz3-jq-1.8.2"
            }
          ],
          "store_path": "/nix/store/l18as28b4wwqds62yqci9l8xhhdhf78l-jq-1.8.2-bin"
        },
        "x86_64-linux": {
          "outputs": [
            {
              "name": "bin",
              "path": "/nix/store/qqd37kj25f68wxmr9rg05850y9daxbrp-jq-1.8.2-bin",
              "default": true
            },
            {
              "name": "man",
              "path": "/nix/store/9bgnz6r8fb7kk09dzz94wf13lkz2rbbq-jq-1.8.2-man",
              "default": true
            },
            {
              "name": "dev",
              "path": "/nix/store/k39ljkrhbwjb1mahd45zk2w4x34d1345-jq-1.8.2-dev"
            },
            {
              "name": "doc",
              "path": "/nix/store/gygm29lm9w8c392lrk5a94izcghnk0n4-jq-1.8.2-doc"
            },
            {
              "name": "out",
              "path": "/nix/store/s75d4pw16pipr7xqczdw3mg5950cr8mk-jq-1.8.2"
            }
          ],
          "store_path": "/nix/store/qqd37kj25f68wxmr9rg05850y9daxbrp-jq-1.8.2-bin"
        }
      }
    },
    "kind@latest": {
      "last_modified": "2026-07-23T05:10:05Z",
      "resolved": "github:NixOS/nixpkgs/7525d999cd850b9a488817abc89c75dc733acf17#kind",
      "source": "devbox-search",
      "version": "0.32.0",
      "systems": {
        "aarch64-darwin": {
          "outputs": [
            {
              "name": "out",
              "path": "/nix/store/zkc8mifkyzxkpjbjc64iwqjwx9fvhlsm-kind-0.32.0",
              "default": true
            }
          ],
          "store_path": "/nix/store/zkc8mifkyzxkpjbjc64iwqjwx9fvhlsm-kind-0.32.0"
        },
        "aarch64-linux": {
          "outputs": [
            {
              "name": "out",
              "path": "/nix/store/cnnwgp41n0a6a7qaa112jvw67a2f5ddz-kind-0.32.0",
              "default": true
            }
          ],
          "store_path": "/nix/store/cnnwgp41n0a6a7qaa112jvw67a2f5ddz-kind-0.32.0"
        },
        "x86_64-linux": {
          "outputs": [
            {
              "name": "out",
              "path": "/nix/store/zzlyp1fmgl820v9nh119ydd5m98lh73m-kind-0.32.0",
              "default": true
            }
          ],
          "store_path": "/nix/store/zzlyp1fmgl820v9nh119ydd5m98lh73m-kind-0.32.0"
        }
      }
    },
    "kubectl@latest": {
      "last_modified": "2026-07-23T05:10:05Z",
      "resolved": "github:NixOS/nixpkgs/7525d999cd850b9a488817abc89c75dc733acf17#kubectl",
      "source": "devbox-search",
      "version": "1.36.2",
      "systems": {
        "aarch64-darwin": {
          "outputs": [
            {
              "name": "out",
              "path": "/nix/store/gd535ja3bpcl47mp32skk1f9yx5wjgjr-kubectl-1.36.2",
              "default": true
            },
            {
              "name": "man",
              "path": "/nix/store/jbp0c5v1grjqy00ynsj1qiyb58c5q0ij-kubectl-1.36.2-man",
              "default": true
            },
            {
              "name": "convert",
              "path": "/nix/store/f4vlywq3rbw45f8hbryn33kx6hmkaf51-kubectl-1.36.2-convert"
            }
          ],
          "store_path": "/nix/store/gd535ja3bpcl47mp32skk1f9yx5wjgjr-kubectl-1.36.2"
        },
        "aarch64-linux": {
          "outputs": [
            {
              "name": "out",
              "path": "/nix/store/zfax0c3w00q3qzbp8hbw3an1wy1cr7rd-kubectl-1.36.2",
              "default": true
            },
            {
              "name": "man",
              "path": "/nix/store/s0j4a5i93kgxk1chp9flpz7mwqmzx7n0-kubectl-1.36.2-man",
              "default": true
            },
            {
              "name": "convert",
              "path": "/nix/store/32sq90kwk85vqlgl1nbw7v6wrxh3jlx4-kubectl-1.36.2-convert"
            }
          ],
          "store_path": "/nix/store/zfax0c3w00q3qzbp8hbw3an1wy1cr7rd-kubectl-1.36.2"
        },
        "x86_64-darwin": {
          "outputs": [
            {
              "name": "out",
              "path": "/nix/store/2mzx35a2g3h1n4lpk0p6qm6dl83d2gi6-kubectl-1.36.2",
              "default": true
            },
            {
              "name": "man",
              "path": "/nix/store/8agbav6nsacbxb826wwhy27dckb60hhk-kubectl-1.36.2-man",
              "default": true
            },
            {
              "name": "convert",
              "path": "/nix/store/xavdplccjx28qkqadjgs7mnimc3sizjk-kubectl-1.36.2-convert"
            }
          ],
          "store_path": "/nix/store/2mzx35a2g3h1n4lpk0p6qm6dl83d2gi6-kubectl-1.36.2"
        },
        "x86_64-linux": {
          "outputs": [
            {
              "name": "out",
              "path": "/nix/store/fcpab382l1plra0rqbk0dhznmyl1b1xw-kubectl-1.36.2",
              "default": true
            },
            {
              "name": "man",
              "path": "/nix/store/x6cryrmnqcf1b1ka8ily3xkd8g34lg74-kubectl-1.36.2-man",
              "default": true
            },
            {
              "name": "convert",
              "path": "/nix/store/s1r0prjg7zrsgmcix09bgq5b9chmwik3-kubectl-1.36.2-convert"
            }
          ],
          "store_path": "/nix/store/fcpab382l1plra0rqbk0dhznmyl1b1xw-kubectl-1.36.2"
        }
      }
    },
    "kubectx@latest": {
      "last_modified": "2026-07-23T05:10:05Z",
      "resolved": "github:NixOS/nixpkgs/7525d999cd850b9a488817abc89c75dc733acf17#kubectx",
      "source": "devbox-search",
      "version": "0.11.0",
      "systems": {
        "aarch64-darwin": {
          "outputs": [
            {
              "name": "out",
              "path": "/nix/store/fqwbj1pfbzwik5hxcj8cdxnk300xrpkf-kubectx-0.11.0",
              "default": true
            }
          ],
          "store_path": "/nix/store/fqwbj1pfbzwik5hxcj8cdxnk300xrpkf-kubectx-0.11.0"
        },
        "aarch64-linux": {
          "outputs": [
            {
              "name": "out",
              "path": "/nix/store/lcamn6f42q4dyb5mvnljpnbws86daqa2-kubectx-0.11.0",
              "default": true
            }
          ],
          "store_path": "/nix/store/lcamn6f42q4dyb5mvnljpnbws86daqa2-kubectx-0.11.0"
        },
        "x86_64-darwin": {
          "outputs": [
            {
              "name": "out",
              "path": "/nix/store/irkyq7h6ms0d55knfpxidvnzn4c48cli-kubectx-0.11.0",
              "default": true
            }
          ],
          "store_path": "/nix/store/irkyq7h6ms0d55knfpxidvnzn4c48cli-kubectx-0.11.0"
        },
        "x86_64-linux": {
          "outputs": [
            {
              "name": "out",
              "path": "/nix/store/gqifjav1sy90y4paql524j1qizk9fxli-kubectx-0.11.0",
              "default": true
            }
          ],
          "store_path": "/nix/store/gqifjav1sy90y4paql524j1qizk9fxli-kubectx-0.11.0"
        }
      }
    },
    "kubernetes-helm@latest": {
      "last_modified": "2026-07-23T05:10:05Z",
      "resolved": "github:NixOS/nixpkgs/7525d999cd850b9a488817abc89c75dc733acf17#kubernetes-helm",
      "source": "devbox-search",
      "version": "4.2.3",
      "systems": {
        "aarch64-darwin": {
          "outputs": [
            {
              "name": "out",
              "path": "/nix/store/pskv3khyizrc09rnqrp6d0wn5pllripx-kubernetes-helm-4.2.3",
              "default": true
            }
          ],
          "store_path": "/nix/store/pskv3khyizrc09rnqrp6d0wn5pllripx-kubernetes-helm-4.2.3"
        },
        "aarch64-linux": {
          "outputs": [
            {
              "name": "out",
              "path": "/nix/store/k99lgyz9k814kr389jirpim37nqpi7qp-kubernetes-helm-4.2.3",
              "default": true
            }
          ],
          "store_path": "/nix/store/k99lgyz9k814kr389jirpim37nqpi7qp-kubernetes-helm-4.2.3"
        },
        "x86_64-linux": {
          "outputs": [
            {
              "name": "out",
              "path": "/nix/store/n1rbyfp9sn0r0gzx4z9lniisiad9h5yq-kubernetes-helm-4.2.3",
              "default": true
            }
          ],
          "store_path": "/nix/store/n1rbyfp9sn0r0gzx4z9lniisiad9h5yq-kubernetes-helm-4.2.3"
        }
      }
    },
    "python@latest": {
      "last_modified": "2026-06-27T07:37:20Z",
      "plugin_version": "0.0.5",
      "resolved": "github:NixOS/nixpkgs/3d46470bb3030020f7e1361f33514854f5bfa86d#python314",
      "source": "devbox-search",
      "version": "3.14.4",
      "systems": {
        "aarch64-darwin": {
          "outputs": [
            {
              "name": "out",
              "path": "/nix/store/bz7r3a1x3xby7ilac2ngzwr0szf3yzxc-python3-3.14.4",
              "default": true
            }
          ],
          "store_path": "/nix/store/bz7r3a1x3xby7ilac2ngzwr0szf3yzxc-python3-3.14.4"
        },
        "aarch64-linux": {
          "outputs": [
            {
              "name": "out",
              "path": "/nix/store/fj2lkfaqsccpsgwmzrv921asxzsp1iin-python3-3.14.4",
              "default": true
            },
            {
              "name": "debug",
              "path": "/nix/store/8sggbkg072yim06lsbggkiwc84z28cj9-python3-3.14.4-debug"
            }
          ],
          "store_path": "/nix/store/fj2lkfaqsccpsgwmzrv921asxzsp1iin-python3-3.14.4"
        },
        "x86_64-darwin": {
          "outputs": [
            {
              "name": "out",
              "path": "/nix/store/dz3vgh7m1dsj9c3ahn1ab6wqpnz9bbww-python3-3.14.4",
              "default": true
            }
          ],
          "store_path": "/nix/store/dz3vgh7m1dsj9c3ahn1ab6wqpnz9bbww-python3-3.14.4"
        },
        "x86_64-linux": {
          "outputs": [
            {
              "name": "out",
              "path": "/nix/store/fk8c5cqd0npblqv1mcd8swhkcbng84qr-python3-3.14.4",
              "default": true
            },
            {
              "name": "debug",
              "path": "/nix/store/y6nmlnw8360r8lma5bjnp07vl9r4l07g-python3-3.14.4-debug"
            }
          ],
          "store_path": "/nix/store/fk8c5cqd0npblqv1mcd8swhkcbng84qr-python3-3.14.4"
        }
      }
    },
    "trivy@latest": {
      "last_modified": "2026-07-23T05:10:05Z",
      "resolved": "github:NixOS/nixpkgs/7525d999cd850b9a488817abc89c75dc733acf17#trivy",
      "source": "devbox-search",
      "version": "0.72.0",
      "systems": {
        "aarch64-darwin": {
          "outputs": [
            {
              "name": "out",
              "path": "/nix/store/1k97nyvj2mczl2g24lf4ndw2yl319636-trivy-0.72.0",
              "default": true
            }
          ],
          "store_path": "/nix/store/1k97nyvj2mczl2g24lf4ndw2yl319636-trivy-0.72.0"
        },
        "aarch64-linux": {
          "outputs": [
            {
              "name": "out",
              "path": "/nix/store/sqw3m71v7bv4qzp7k6zi0aj1wpzrv5mk-trivy-0.72.0",
              "default": true
            }
          ],
          "store_path": "/nix/store/sqw3m71v7bv4qzp7k6zi0aj1wpzrv5mk-trivy-0.72.0"
        },
        "x86_64-darwin": {
          "outputs": [
            {
              "name": "out",
              "path": "/nix/store/8k87qdbswg62ids7r10kfn3c12j8m3ah-trivy-0.72.0",
              "default": true
            }
          ],
          "store_path": "/nix/store/8k87qdbswg62ids7r10kfn3c12j8m3ah-trivy-0.72.0"
        },
        "x86_64-linux": {
          "outputs": [
            {
              "name": "out",
              "path": "/nix/store/7c8x8byjqlzv5jfyx6j495k61ilpgmp8-trivy-0.72.0",
              "default": true
            }
          ],
          "store_path": "/nix/store/7c8x8byjqlzv5jfyx6j495k61ilpgmp8-trivy-0.72.0"
        }
      }
    },
    "uv@latest": {
      "last_modified": "2026-07-23T05:10:05Z",
      "resolved": "github:NixOS/nixpkgs/7525d999cd850b9a488817abc89c75dc733acf17#uv",
      "source": "devbox-search",
      "version": "0.11.28",
      "systems": {
        "aarch64-darwin": {
          "outputs": [
            {
              "name": "out",
              "path": "/nix/store/yn36m1y6l2kmhx1dkqsmy3kf6acx77mz-uv-0.11.28",
              "default": true
            }
          ],
          "store_path": "/nix/store/yn36m1y6l2kmhx1dkqsmy3kf6acx77mz-uv-0.11.28"
        },
        "aarch64-linux": {
          "outputs": [
            {
              "name": "out",
              "path": "/nix/store/lj1akylx79l52f6yp3j2a55gf7s7vhx1-uv-0.11.28",
              "default": true
            }
          ],
          "store_path": "/nix/store/lj1akylx79l52f6yp3j2a55gf7s7vhx1-uv-0.11.28"
        },
        "x86_64-linux": {
          "outputs": [
            {
              "name": "out",
              "path": "/nix/store/zrq88ys031mx35ib1lb3xahcm4dsq71r-uv-0.11.28",
              "default": true
            }
          ],
          "store_path": "/nix/store/zrq88ys031mx35ib1lb3xahcm4dsq71r-uv-0.11.28"
        }
      }
    },
    "velero@latest": {
      "last_modified": "2026-07-23T05:10:05Z",
      "resolved": "github:NixOS/nixpkgs/7525d999cd850b9a488817abc89c75dc733acf17#velero",
      "source": "devbox-search",
      "version": "1.18.0",
      "systems": {
        "aarch64-darwin": {
          "outputs": [
            {
              "name": "out",
              "path": "/nix/store/2hln7g6r19rlmsvgig4q1vb4y7yd2xwc-velero-1.18.0",
              "default": true
            }
          ],
          "store_path": "/nix/store/2hln7g6r19rlmsvgig4q1vb4y7yd2xwc-velero-1.18.0"
        },
        "aarch64-linux": {
          "outputs": [
            {
              "name": "out",
              "path": "/nix/store/k5xgyh9c9fqycqm6mwiq8lsl09l4v2jh-velero-1.18.0",
              "default": true
            }
          ],
          "store_path": "/nix/store/k5xgyh9c9fqycqm6mwiq8lsl09l4v2jh-velero-1.18.0"
        },
        "x86_64-darwin": {
          "outputs": [
            {
              "name": "out",
              "path": "/nix/store/pjb54qrp3krsfxmfl6pp35r5lvvg00hw-velero-1.18.0",
              "default": true
            }
          ],
          "store_path": "/nix/store/pjb54qrp3krsfxmfl6pp35r5lvvg00hw-velero-1.18.0"
        },
        "x86_64-linux": {
          "outputs": [
            {
              "name": "out",
              "path": "/nix/store/8c2aiw1ljinqv7crrgr6qxqzb4lssblq-velero-1.18.0",
              "default": true
            }
          ],
          "store_path": "/nix/store/8c2aiw1ljinqv7crrgr6qxqzb4lssblq-velero-1.18.0"
        }
      }
    },
    "yq@latest": {
      "last_modified": "2026-07-23T05:10:05Z",
      "resolved": "github:NixOS/nixpkgs/7525d999cd850b9a488817abc89c75dc733acf17#yq",
      "source": "devbox-search",
      "version": "3.4.3",
      "systems": {
        "aarch64-darwin": {
          "outputs": [
            {
              "name": "out",
              "path": "/nix/store/8n3gisbag62lsl84g2p1vncds4gqrbcr-python3.14-yq-3.4.3",
              "default": true
            },
            {
              "name": "dist",
              "path": "/nix/store/q89vx1zz0b892gkk1mh5dd6wb06sdd2c-python3.14-yq-3.4.3-dist"
            }
          ],
          "store_path": "/nix/store/8n3gisbag62lsl84g2p1vncds4gqrbcr-python3.14-yq-3.4.3"
        },
        "aarch64-linux": {
          "outputs": [
            {
              "name": "out",
              "path": "/nix/store/32hahqjsmg701hcak2x25zj5ps4y0wq2-python3.14-yq-3.4.3",
              "default": true
            },
            {
              "name": "dist",
              "path": "/nix/store/29p80ij5zjhiiv6xjhzbs66k3dczz9i5-python3.14-yq-3.4.3-dist"
            }
          ],
          "store_path": "/nix/store/32hahqjsmg701hcak2x25zj5ps4y0wq2-python3.14-yq-3.4.3"
        },
        "x86_64-darwin": {
          "outputs": [
            {
              "name": "out",
              "path": "/nix/store/bb9zf0z1k84g85ncgxphxadlvbgrvafl-python3.13-yq-3.4.3",
              "default": true
            },
            {
              "name": "dist",
              "path": "/nix/store/piqw2x2l94ykijb1hayf87hp6pvqlkk6-python3.13-yq-3.4.3-dist"
            }
          ],
          "store_path": "/nix/store/bb9zf0z1k84g85ncgxphxadlvbgrvafl-python3.13-yq-3.4.3"
        },
        "x86_64-linux": {
          "outputs": [
            {
              "name": "out",
              "path": "/nix/store/1wg54ckw8j7i94m449np7x3majyj97fq-python3.14-yq-3.4.3",
              "default": true
            },
            {
              "name": "dist",
              "path": "/nix/store/my662ly79qz6kvip1kh9mz8n75q3kr85-python3.14-yq-3.4.3-dist"
            }
          ],
          "store_path": "/nix/store/1wg54ckw8j7i94m449np7x3majyj97fq-python3.14-yq-3.4.3"
        }
      }
    }
  }
}
